
Microsoft Visual Studio Solution File, Format Version 12.00
# Visual Studio 2013
VisualStudioVersion = 12.0.30501.0
MinimumVisualStudioVersion = 10.0.40219.1
Project("{FAE04EC0-301F-11D3-BF4B-00C04F79EFBC}") = "ITElite.Projects.WPF.Controls.DeepZoom", "ITElite.Projects.WPF.Controls.DeepZoom\ITElite.Projects.WPF.Controls.DeepZoom.csproj", "{C8E333A7-CC33-4389-938C-0DFACB91E6AE}"
EndProject
Project("{FAE04EC0-301F-11D3-BF4B-00C04F79EFBC}") = "ITElite.Projects.WPF.ZoomableCanvas", "ITElite.Projects.WPF.ZoomableCanvas\ITElite.Projects.WPF.ZoomableCanvas.csproj", "{8C3CFBF2-1606-4D1F-A4A8-2BFD0CD51CE7}"
EndProject
Project("{FAE04EC0-301F-11D3-BF4B-00C04F79EFBC}") = "ITElite.Projects.WPF.Controls.DeepZoom.UI.Test", "ITElite.Projects.WPF.Controls.DeepZoom.UI.Test\ITElite.Projects.WPF.Controls.DeepZoom.UI.Test.csproj", "{74375BDA-0AE8-4704-80CC-A3840B6BFB02}"
EndProject
Global
	GlobalSection(SolutionConfigurationPlatforms) = preSolution
		Debug|Any CPU = Debug|Any CPU
		Release|Any CPU = Release|Any CPU
	EndGlobalSection
	GlobalSection(ProjectConfigurationPlatforms) = postSolution
		{C8E333A7-CC33-4389-938C-0DFACB91E6AE}.Debug|Any CPU.ActiveCfg = Debug|Any CPU
		{C8E333A7-CC33-4389-938C-0DFACB91E6AE}.Debug|Any CPU.Build.0 = Debug|Any CPU
		{C8E333A7-CC33-4389-938C-0DFACB91E6AE}.Release|Any CPU.ActiveCfg = Release|Any CPU
		{C8E333A7-CC33-4389-938C-0DFACB91E6AE}.Release|Any CPU.Build.0 = Release|Any CPU
		{8C3CFBF2-1606-4D1F-A4A8-2BFD0CD51CE7}.Debug|Any CPU.ActiveCfg = Debug|Any CPU
		{8C3CFBF2-1606-4D1F-A4A8-2BFD0CD51CE7}.Debug|Any CPU.Build.0 = Debug|Any CPU
		{8C3CFBF2-1606-4D1F-A4A8-2BFD0CD51CE7}.Release|Any CPU.ActiveCfg = Release|Any CPU
		{8C3CFBF2-1606-4D1F-A4A8-2BFD0CD51CE7}.Release|Any CPU.Build.0 = Release|Any CPU
		{74375BDA-0AE8-4704-80CC-A3840B6BFB02}.Debug|Any CPU.ActiveCfg = Debug|Any CPU
		{74375BDA-0AE8-4704-80CC-A3840B6BFB02}.Debug|Any CPU.Build.0 = Debug|Any CPU
		{74375BDA-0AE8-4704-80CC-A3840B6BFB02}.Release|Any CPU.ActiveCfg = Release|Any CPU
		{74375BDA-0AE8-4704-80CC-A3840B6BFB02}.Release|Any CPU.Build.0 = Release|Any CPU
	EndGlobalSection
	GlobalSection(SolutionProperties) = preSolution
		HideSolutionNode = FALSE
	EndGlobalSection
EndGlobal
