
Microsoft Visual Studio Solution File, Format Version 12.00
# Visual Studio 2013
VisualStudioVersion = 12.0.30501.0
MinimumVisualStudioVersion = 10.0.40219.1
Project("{FAE04EC0-301F-11D3-BF4B-00C04F79EFBC}") = "ITElite.Projects.WPF.Controls.DeepZoom", "ITElite.Projects.WPF.Controls.DeepZoom\ITElite.Projects.WPF.Controls.DeepZoom.csproj", "{C8E333A7-CC33-4389-938C-0DFACB91E6AE}"
EndProject
Project("{FAE04EC0-301F-11D3-BF4B-00C04F79EFBC}") = "ITElite.Projects.WPF.Controls.ZoomableCanvas", "ITElite.Projects.WPF.ZoomableCanvas\ITElite.Projects.WPF.Controls.ZoomableCanvas.csproj", "{8C3CFBF2-1606-4D1F-A4A8-2BFD0CD51CE7}"
EndProject
Project("{FAE04EC0-301F-11D3-BF4B-00C04F79EFBC}") = "ITElite.Projects.WPF.Controls.DeepZoom.UI.Test", "ITElite.Projects.WPF.Controls.DeepZoom.UI.Test\ITElite.Projects.WPF.Controls.DeepZoom.UI.Test.csproj", "{74375BDA-0AE8-4704-80CC-A3840B6BFB02}"
EndProject
Project("{2150E333-8FDC-42A3-9474-1A3956D46DE8}") = "Controls", "Controls", "{63D7F64B-E56C-46A3-8FBD-7E1AD94BC1CA}"
EndProject
Project("{2150E333-8FDC-42A3-9474-1A3956D46DE8}") = "Tests", "Tests", "{60BB7319-04A9-4C1A-AD37-74C3D3178BDF}"
EndProject
Project("{FAE04EC0-301F-11D3-BF4B-00C04F79EFBC}") = "ITElite.Projects.WPF.Controls.TextControl", "ITElite.Projects.WPF.Controls.OutLineTextControl\ITElite.Projects.WPF.Controls.TextControl.csproj", "{B2F1849C-324D-4AD8-AB6F-CDC14E199228}"
EndProject
Project("{FAE04EC0-301F-11D3-BF4B-00C04F79EFBC}") = "ITElite.Projects.WPF.Controls.Test", "ITElite.Projects.WPF.Controls.Test\ITElite.Projects.WPF.Controls.Test.csproj", "{11613EA3-9DAB-4343-88BE-B62501ECA815}"
EndProject
Project("{2150E333-8FDC-42A3-9474-1A3956D46DE8}") = "0.Solution Items", "0.Solution Items", "{367912BA-DFBC-4243-994B-FB4DBDB52AE4}"
	ProjectSection(SolutionItems) = preProject
		Readme.txt = Readme.txt
	EndProjectSection
EndProject
Global
	GlobalSection(SolutionConfigurationPlatforms) = preSolution
		Debug|Any CPU = Debug|Any CPU
		Release|Any CPU = Release|Any CPU
	EndGlobalSection
	GlobalSection(ProjectConfigurationPlatforms) = postSolution
		{C8E333A7-CC33-4389-938C-0DFACB91E6AE}.Debug|Any CPU.ActiveCfg = Debug|Any CPU
		{C8E333A7-CC33-4389-938C-0DFACB91E6AE}.Debug|Any CPU.Build.0 = Debug|Any CPU
		{C8E333A7-CC33-4389-938C-0DFACB91E6AE}.Release|Any CPU.ActiveCfg = Release|Any CPU
		{C8E333A7-CC33-4389-938C-0DFACB91E6AE}.Release|Any CPU.Build.0 = Release|Any CPU
		{8C3CFBF2-1606-4D1F-A4A8-2BFD0CD51CE7}.Debug|Any CPU.ActiveCfg = Debug|Any CPU
		{8C3CFBF2-1606-4D1F-A4A8-2BFD0CD51CE7}.Debug|Any CPU.Build.0 = Debug|Any CPU
		{8C3CFBF2-1606-4D1F-A4A8-2BFD0CD51CE7}.Release|Any CPU.ActiveCfg = Release|Any CPU
		{8C3CFBF2-1606-4D1F-A4A8-2BFD0CD51CE7}.Release|Any CPU.Build.0 = Release|Any CPU
		{74375BDA-0AE8-4704-80CC-A3840B6BFB02}.Debug|Any CPU.ActiveCfg = Debug|Any CPU
		{74375BDA-0AE8-4704-80CC-A3840B6BFB02}.Debug|Any CPU.Build.0 = Debug|Any CPU
		{74375BDA-0AE8-4704-80CC-A3840B6BFB02}.Release|Any CPU.ActiveCfg = Release|Any CPU
		{74375BDA-0AE8-4704-80CC-A3840B6BFB02}.Release|Any CPU.Build.0 = Release|Any CPU
		{B2F1849C-324D-4AD8-AB6F-CDC14E199228}.Debug|Any CPU.ActiveCfg = Debug|Any CPU
		{B2F1849C-324D-4AD8-AB6F-CDC14E199228}.Debug|Any CPU.Build.0 = Debug|Any CPU
		{B2F1849C-324D-4AD8-AB6F-CDC14E199228}.Release|Any CPU.ActiveCfg = Release|Any CPU
		{B2F1849C-324D-4AD8-AB6F-CDC14E199228}.Release|Any CPU.Build.0 = Release|Any CPU
		{11613EA3-9DAB-4343-88BE-B62501ECA815}.Debug|Any CPU.ActiveCfg = Debug|Any CPU
		{11613EA3-9DAB-4343-88BE-B62501ECA815}.Debug|Any CPU.Build.0 = Debug|Any CPU
		{11613EA3-9DAB-4343-88BE-B62501ECA815}.Release|Any CPU.ActiveCfg = Release|Any CPU
		{11613EA3-9DAB-4343-88BE-B62501ECA815}.Release|Any CPU.Build.0 = Release|Any CPU
	EndGlobalSection
	GlobalSection(SolutionProperties) = preSolution
		HideSolutionNode = FALSE
	EndGlobalSection
	GlobalSection(NestedProjects) = preSolution
		{C8E333A7-CC33-4389-938C-0DFACB91E6AE} = {63D7F64B-E56C-46A3-8FBD-7E1AD94BC1CA}
		{8C3CFBF2-1606-4D1F-A4A8-2BFD0CD51CE7} = {63D7F64B-E56C-46A3-8FBD-7E1AD94BC1CA}
		{74375BDA-0AE8-4704-80CC-A3840B6BFB02} = {60BB7319-04A9-4C1A-AD37-74C3D3178BDF}
		{B2F1849C-324D-4AD8-AB6F-CDC14E199228} = {63D7F64B-E56C-46A3-8FBD-7E1AD94BC1CA}
		{11613EA3-9DAB-4343-88BE-B62501ECA815} = {60BB7319-04A9-4C1A-AD37-74C3D3178BDF}
	EndGlobalSection
EndGlobal
